
Microsoft Visual Studio Solution File, Format Version 12.00
# Visual Studio Version 17
VisualStudioVersion = 17.4.33213.308
MinimumVisualStudioVersion = 10.0.40219.1
Project("{FAE04EC0-301F-11D3-BF4B-00C04F79EFBC}") = "PictureViewer", "PictureViewer\PictureViewer.csproj", "{BDBAB974-B3DC-47CC-85F9-1E6877213D9E}"
EndProject
Global
	GlobalSection(SolutionConfigurationPlatforms) = preSolution
		Debug|Any CPU = Debug|Any CPU
		Release|Any CPU = Release|Any CPU
	EndGlobalSection
	GlobalSection(ProjectConfigurationPlatforms) = postSolution
		{BDBAB974-B3DC-47CC-85F9-1E6877213D9E}.Debug|Any CPU.ActiveCfg = Debug|Any CPU
		{BDBAB974-B3DC-47CC-85F9-1E6877213D9E}.Debug|Any CPU.Build.0 = Debug|Any CPU
		{BDBAB974-B3DC-47CC-85F9-1E6877213D9E}.Release|Any CPU.ActiveCfg = Release|Any CPU
		{BDBAB974-B3DC-47CC-85F9-1E6877213D9E}.Release|Any CPU.Build.0 = Release|Any CPU
	EndGlobalSection
	GlobalSection(SolutionProperties) = preSolution
		HideSolutionNode = FALSE
	EndGlobalSection
	GlobalSection(ExtensibilityGlobals) = postSolution
		SolutionGuid = {D25A08A4-C864-4A42-B9D7-79FF39D60611}
	EndGlobalSection
EndGlobal
